<?xml version="1.0" encoding="UTF-8"?>
<Project ToolsVersion="14.0" xmlns="http://schemas.microsoft.com/developer/msbuild/2003">
  <ItemGroup>
    <ClCompile Include="C:\MCrenderCmake\work\ext\gl3w\src\gl3w.c">
      <Filter>Source Files</Filter>
    </ClCompile>
  </ItemGroup>
  <ItemGroup>
    <ClInclude Include="C:\MCrenderCmake\work\ext\gl3w\include\GL\gl3w.h">
      <Filter>Header Files</Filter>
    </ClInclude>
    <ClInclude Include="C:\MCrenderCmake\work\ext\gl3w\include\GL\glcorearb.h">
      <Filter>Header Files</Filter>
    </ClInclude>
  </ItemGroup>
  <ItemGroup>
    <CustomBuild Include="C:\MCrenderCmake\work\ext\gl3w\CMakeLists.txt" />
  </ItemGroup>
  <ItemGroup>
    <Filter Include="Source Files">
      <UniqueIdentifier>{4C5A9997-21F0-38D0-864D-28005B18C2DF}</UniqueIdentifier>
    </Filter>
    <Filter Include="Header Files">
      <UniqueIdentifier>{3B2B21F0-9181-37ED-8541-29FE3899C819}</UniqueIdentifier>
    </Filter>
  </ItemGroup>
</Project>
